
Microsoft Visual Studio Solution File, Format Version 12.00
# Visual Studio Version 17
VisualStudioVersion = 17.0.31903.59
MinimumVisualStudioVersion = 10.0.40219.1
Project("{FAE04EC0-301F-11D3-BF4B-00C04F79EFBC}") = "diffApi", "diffApi\diffApi.csproj", "{36BB8578-24F5-4039-9248-6A90667CC6D5}"
EndProject
Project("{FAE04EC0-301F-11D3-BF4B-00C04F79EFBC}") = "diffApiTest", "diffApiTest\diffApiTest.csproj", "{D630B09C-CE4F-486B-BFDB-23A0CAB62330}"
EndProject
Project("{FAE04EC0-301F-11D3-BF4B-00C04F79EFBC}") = "diffApiIntegrationTest", "diffApiIntegrationTest\diffApiIntegrationTest.csproj", "{3453AAC4-697C-43B1-8F41-A4ECEBD7B227}"
EndProject
Global
	GlobalSection(SolutionConfigurationPlatforms) = preSolution
		Debug|Any CPU = Debug|Any CPU
		Release|Any CPU = Release|Any CPU
	EndGlobalSection
	GlobalSection(SolutionProperties) = preSolution
		HideSolutionNode = FALSE
	EndGlobalSection
	GlobalSection(ProjectConfigurationPlatforms) = postSolution
		{36BB8578-24F5-4039-9248-6A90667CC6D5}.Debug|Any CPU.ActiveCfg = Debug|Any CPU
		{36BB8578-24F5-4039-9248-6A90667CC6D5}.Debug|Any CPU.Build.0 = Debug|Any CPU
		{36BB8578-24F5-4039-9248-6A90667CC6D5}.Release|Any CPU.ActiveCfg = Release|Any CPU
		{36BB8578-24F5-4039-9248-6A90667CC6D5}.Release|Any CPU.Build.0 = Release|Any CPU
		{D630B09C-CE4F-486B-BFDB-23A0CAB62330}.Debug|Any CPU.ActiveCfg = Debug|Any CPU
		{D630B09C-CE4F-486B-BFDB-23A0CAB62330}.Debug|Any CPU.Build.0 = Debug|Any CPU
		{D630B09C-CE4F-486B-BFDB-23A0CAB62330}.Release|Any CPU.ActiveCfg = Release|Any CPU
		{D630B09C-CE4F-486B-BFDB-23A0CAB62330}.Release|Any CPU.Build.0 = Release|Any CPU
		{3453AAC4-697C-43B1-8F41-A4ECEBD7B227}.Debug|Any CPU.ActiveCfg = Debug|Any CPU
		{3453AAC4-697C-43B1-8F41-A4ECEBD7B227}.Debug|Any CPU.Build.0 = Debug|Any CPU
		{3453AAC4-697C-43B1-8F41-A4ECEBD7B227}.Release|Any CPU.ActiveCfg = Release|Any CPU
		{3453AAC4-697C-43B1-8F41-A4ECEBD7B227}.Release|Any CPU.Build.0 = Release|Any CPU
	EndGlobalSection
EndGlobal
